
Microsoft Visual Studio Solution File, Format Version 12.00
# Visual Studio 15
VisualStudioVersion = 15.0.27004.2010
MinimumVisualStudioVersion = 10.0.40219.1
Project("{F184B08F-C81C-45F6-A57F-5ABD9991F28F}") = "VBStyleAnalyzer", "VBStyleAnalyzer\VBStyleAnalyzer\VBStyleAnalyzer.vbproj", "{4D20DC2F-1DF7-46A4-B585-54D814182640}"
EndProject
Project("{F184B08F-C81C-45F6-A57F-5ABD9991F28F}") = "VBStyleAnalyzer.Test", "VBStyleAnalyzer\VBStyleAnalyzer.Test\VBStyleAnalyzer.Test.vbproj", "{5399E7A8-F8F1-4F2E-A5D2-9C96F3DD2A2D}"
EndProject
Project("{F184B08F-C81C-45F6-A57F-5ABD9991F28F}") = "VBStyleAnalyzer.Vsix", "VBStyleAnalyzer\VBStyleAnalyzer.Vsix\VBStyleAnalyzer.Vsix.vbproj", "{2AA55A97-EA24-4DA3-96BA-2E1F322BAECB}"
EndProject
Global
	GlobalSection(SolutionConfigurationPlatforms) = preSolution
		Debug|Any CPU = Debug|Any CPU
		Release|Any CPU = Release|Any CPU
	EndGlobalSection
	GlobalSection(ProjectConfigurationPlatforms) = postSolution
		{4D20DC2F-1DF7-46A4-B585-54D814182640}.Debug|Any CPU.ActiveCfg = Debug|Any CPU
		{4D20DC2F-1DF7-46A4-B585-54D814182640}.Debug|Any CPU.Build.0 = Debug|Any CPU
		{4D20DC2F-1DF7-46A4-B585-54D814182640}.Release|Any CPU.ActiveCfg = Release|Any CPU
		{4D20DC2F-1DF7-46A4-B585-54D814182640}.Release|Any CPU.Build.0 = Release|Any CPU
		{5399E7A8-F8F1-4F2E-A5D2-9C96F3DD2A2D}.Debug|Any CPU.ActiveCfg = Debug|Any CPU
		{5399E7A8-F8F1-4F2E-A5D2-9C96F3DD2A2D}.Debug|Any CPU.Build.0 = Debug|Any CPU
		{5399E7A8-F8F1-4F2E-A5D2-9C96F3DD2A2D}.Release|Any CPU.ActiveCfg = Release|Any CPU
		{5399E7A8-F8F1-4F2E-A5D2-9C96F3DD2A2D}.Release|Any CPU.Build.0 = Release|Any CPU
		{2AA55A97-EA24-4DA3-96BA-2E1F322BAECB}.Debug|Any CPU.ActiveCfg = Debug|Any CPU
		{2AA55A97-EA24-4DA3-96BA-2E1F322BAECB}.Debug|Any CPU.Build.0 = Debug|Any CPU
		{2AA55A97-EA24-4DA3-96BA-2E1F322BAECB}.Release|Any CPU.ActiveCfg = Release|Any CPU
		{2AA55A97-EA24-4DA3-96BA-2E1F322BAECB}.Release|Any CPU.Build.0 = Release|Any CPU
	EndGlobalSection
	GlobalSection(SolutionProperties) = preSolution
		HideSolutionNode = FALSE
	EndGlobalSection
	GlobalSection(ExtensibilityGlobals) = postSolution
		SolutionGuid = {B1EDD25B-FEC4-4BCE-AAE6-1770E93441A4}
	EndGlobalSection
EndGlobal
